
Microsoft Visual Studio Solution File, Format Version 12.00
# Visual Studio Version 17
VisualStudioVersion = 17.5.002.0
MinimumVisualStudioVersion = 10.0.40219.1
Project("{9A19103F-16F7-4668-BE54-9A1E7A4F7556}") = "GetPatientInfo", "GetPatientInfo.csproj", "{5E0F0426-7F36-4E73-926C-5FCFC5463CEB}"
EndProject
Project("{FAE04EC0-301F-11D3-BF4B-00C04F79EFBC}") = "NUnit-Tests", "..\ClalWebApi\NUnit-Tests\NUnit-Tests.csproj", "{E9D64BB3-C6DB-45BE-894D-748C65017BA3}"
EndProject
Project("{FAE04EC0-301F-11D3-BF4B-00C04F79EFBC}") = "GetPatientInfo.Test", "..\GetPatientInfo.Test\GetPatientInfo.Test.csproj", "{85ACEFE2-FC90-40C2-B292-3D801BA0E07A}"
EndProject
Global
	GlobalSection(SolutionConfigurationPlatforms) = preSolution
		Debug|Any CPU = Debug|Any CPU
		Release|Any CPU = Release|Any CPU
	EndGlobalSection
	GlobalSection(ProjectConfigurationPlatforms) = postSolution
		{5E0F0426-7F36-4E73-926C-5FCFC5463CEB}.Debug|Any CPU.ActiveCfg = Debug|Any CPU
		{5E0F0426-7F36-4E73-926C-5FCFC5463CEB}.Debug|Any CPU.Build.0 = Debug|Any CPU
		{5E0F0426-7F36-4E73-926C-5FCFC5463CEB}.Release|Any CPU.ActiveCfg = Release|Any CPU
		{5E0F0426-7F36-4E73-926C-5FCFC5463CEB}.Release|Any CPU.Build.0 = Release|Any CPU
		{E9D64BB3-C6DB-45BE-894D-748C65017BA3}.Debug|Any CPU.ActiveCfg = Debug|Any CPU
		{E9D64BB3-C6DB-45BE-894D-748C65017BA3}.Debug|Any CPU.Build.0 = Debug|Any CPU
		{E9D64BB3-C6DB-45BE-894D-748C65017BA3}.Release|Any CPU.ActiveCfg = Release|Any CPU
		{E9D64BB3-C6DB-45BE-894D-748C65017BA3}.Release|Any CPU.Build.0 = Release|Any CPU
		{85ACEFE2-FC90-40C2-B292-3D801BA0E07A}.Debug|Any CPU.ActiveCfg = Debug|Any CPU
		{85ACEFE2-FC90-40C2-B292-3D801BA0E07A}.Debug|Any CPU.Build.0 = Debug|Any CPU
		{85ACEFE2-FC90-40C2-B292-3D801BA0E07A}.Release|Any CPU.ActiveCfg = Release|Any CPU
		{85ACEFE2-FC90-40C2-B292-3D801BA0E07A}.Release|Any CPU.Build.0 = Release|Any CPU
	EndGlobalSection
	GlobalSection(SolutionProperties) = preSolution
		HideSolutionNode = FALSE
	EndGlobalSection
	GlobalSection(ExtensibilityGlobals) = postSolution
		SolutionGuid = {D1B77566-2844-45BE-A529-1E6B8ADC3D95}
	EndGlobalSection
EndGlobal
